
Microsoft Visual Studio Solution File, Format Version 11.00
# Visual C++ Express 2010
Project("{8BC9CEB8-8B4A-11D0-8D11-00A0C91BC942}") = "offlineKeylogger", "offlineKeylogger.vcxproj", "{ACDFD51D-E54D-1427-8B11-732C1DE5A09D}"
EndProject
Global
	GlobalSection(SolutionConfigurationPlatforms) = preSolution
		Debug|Win32 = Debug|Win32
		Release|Win32 = Release|Win32
	EndGlobalSection
	GlobalSection(ProjectConfigurationPlatforms) = postSolution
		{ACDFD51D-E54D-1427-8B11-732C1DE5A09D}.Debug|Win32.ActiveCfg = Debug|Win32
		{ACDFD51D-E54D-1427-8B11-732C1DE5A09D}.Debug|Win32.Build.0 = Debug|Win32
		{ACDFD51D-E54D-1427-8B11-732C1DE5A09D}.Release|Win32.ActiveCfg = Release|Win32
		{ACDFD51D-E54D-1427-8B11-732C1DE5A09D}.Release|Win32.Build.0 = Release|Win32
	EndGlobalSection
	GlobalSection(SolutionProperties) = preSolution
		HideSolutionNode = FALSE
	EndGlobalSection
EndGlobal
